
Microsoft Visual Studio Solution File, Format Version 12.00
# Visual Studio Version 16
VisualStudioVersion = 16.0.28803.352
MinimumVisualStudioVersion = 10.0.40219.1
Project("{FAE04EC0-301F-11D3-BF4B-00C04F79EFBC}") = "MovieRegister", "MovieRegister\MovieRegister.csproj", "{8AF3EB34-7992-4E52-80F6-C4D46C64F0A7}"
EndProject
Global
	GlobalSection(SolutionConfigurationPlatforms) = preSolution
		Debug|Any CPU = Debug|Any CPU
		Release|Any CPU = Release|Any CPU
	EndGlobalSection
	GlobalSection(ProjectConfigurationPlatforms) = postSolution
		{8AF3EB34-7992-4E52-80F6-C4D46C64F0A7}.Debug|Any CPU.ActiveCfg = Debug|Any CPU
		{8AF3EB34-7992-4E52-80F6-C4D46C64F0A7}.Debug|Any CPU.Build.0 = Debug|Any CPU
		{8AF3EB34-7992-4E52-80F6-C4D46C64F0A7}.Release|Any CPU.ActiveCfg = Release|Any CPU
		{8AF3EB34-7992-4E52-80F6-C4D46C64F0A7}.Release|Any CPU.Build.0 = Release|Any CPU
	EndGlobalSection
	GlobalSection(SolutionProperties) = preSolution
		HideSolutionNode = FALSE
	EndGlobalSection
	GlobalSection(ExtensibilityGlobals) = postSolution
		SolutionGuid = {E8F5AD68-EE49-4688-A066-4F61E0DEF1C5}
	EndGlobalSection
EndGlobal
